
Microsoft Visual Studio Solution File, Format Version 12.00
# Visual Studio Version 16
VisualStudioVersion = 16.0.30907.101
MinimumVisualStudioVersion = 10.0.40219.1
Project("{FAE04EC0-301F-11D3-BF4B-00C04F79EFBC}") = "Array", "Array\Array.csproj", "{E1CB337A-C125-4F9F-A911-1E2C03D94973}"
EndProject
Global
	GlobalSection(SolutionConfigurationPlatforms) = preSolution
		Debug|Any CPU = Debug|Any CPU
		Release|Any CPU = Release|Any CPU
	EndGlobalSection
	GlobalSection(ProjectConfigurationPlatforms) = postSolution
		{E1CB337A-C125-4F9F-A911-1E2C03D94973}.Debug|Any CPU.ActiveCfg = Debug|Any CPU
		{E1CB337A-C125-4F9F-A911-1E2C03D94973}.Debug|Any CPU.Build.0 = Debug|Any CPU
		{E1CB337A-C125-4F9F-A911-1E2C03D94973}.Release|Any CPU.ActiveCfg = Release|Any CPU
		{E1CB337A-C125-4F9F-A911-1E2C03D94973}.Release|Any CPU.Build.0 = Release|Any CPU
	EndGlobalSection
	GlobalSection(SolutionProperties) = preSolution
		HideSolutionNode = FALSE
	EndGlobalSection
	GlobalSection(ExtensibilityGlobals) = postSolution
		SolutionGuid = {55BCAE99-C33B-472A-9E2E-7B04DEA787CB}
	EndGlobalSection
EndGlobal
