
Microsoft Visual Studio Solution File, Format Version 12.00
# Visual Studio Version 16
VisualStudioVersion = 16.0.30907.101
MinimumVisualStudioVersion = 10.0.40219.1
Project("{FAE04EC0-301F-11D3-BF4B-00C04F79EFBC}") = "InheritanceChaining", "InheritanceChaining\InheritanceChaining.csproj", "{B9A835DD-B92A-40E9-95C6-C403709D878B}"
EndProject
Global
	GlobalSection(SolutionConfigurationPlatforms) = preSolution
		Debug|Any CPU = Debug|Any CPU
		Release|Any CPU = Release|Any CPU
	EndGlobalSection
	GlobalSection(ProjectConfigurationPlatforms) = postSolution
		{B9A835DD-B92A-40E9-95C6-C403709D878B}.Debug|Any CPU.ActiveCfg = Debug|Any CPU
		{B9A835DD-B92A-40E9-95C6-C403709D878B}.Debug|Any CPU.Build.0 = Debug|Any CPU
		{B9A835DD-B92A-40E9-95C6-C403709D878B}.Release|Any CPU.ActiveCfg = Release|Any CPU
		{B9A835DD-B92A-40E9-95C6-C403709D878B}.Release|Any CPU.Build.0 = Release|Any CPU
	EndGlobalSection
	GlobalSection(SolutionProperties) = preSolution
		HideSolutionNode = FALSE
	EndGlobalSection
	GlobalSection(ExtensibilityGlobals) = postSolution
		SolutionGuid = {EC8FC2FC-4767-41E3-A619-FEBD4043CC54}
	EndGlobalSection
EndGlobal
