
Microsoft Visual Studio Solution File, Format Version 12.00
# Visual Studio Version 16
VisualStudioVersion = 16.0.30907.101
MinimumVisualStudioVersion = 10.0.40219.1
Project("{FAE04EC0-301F-11D3-BF4B-00C04F79EFBC}") = "static", "static\static.csproj", "{8F25C690-69D8-491F-9911-48F85880B46E}"
EndProject
Global
	GlobalSection(SolutionConfigurationPlatforms) = preSolution
		Debug|Any CPU = Debug|Any CPU
		Release|Any CPU = Release|Any CPU
	EndGlobalSection
	GlobalSection(ProjectConfigurationPlatforms) = postSolution
		{8F25C690-69D8-491F-9911-48F85880B46E}.Debug|Any CPU.ActiveCfg = Debug|Any CPU
		{8F25C690-69D8-491F-9911-48F85880B46E}.Debug|Any CPU.Build.0 = Debug|Any CPU
		{8F25C690-69D8-491F-9911-48F85880B46E}.Release|Any CPU.ActiveCfg = Release|Any CPU
		{8F25C690-69D8-491F-9911-48F85880B46E}.Release|Any CPU.Build.0 = Release|Any CPU
	EndGlobalSection
	GlobalSection(SolutionProperties) = preSolution
		HideSolutionNode = FALSE
	EndGlobalSection
	GlobalSection(ExtensibilityGlobals) = postSolution
		SolutionGuid = {1FCB3541-6E4E-4948-9532-873CF9F09FDC}
	EndGlobalSection
EndGlobal
